Microsoft Visual Studio Solution File, Format Version 11.00
# Visual Studio 2008

Project("{C954D77E-97A2-1BBD-36A1-62A9B83D365E}") = "Wrestling_Game_3D_Beta", "Assembly-CSharp-firstpass-vs.csproj", "{F54A5BE2-F071-8D44-89E4-AF73507749E0}"
EndProject
Project("{C954D77E-97A2-1BBD-36A1-62A9B83D365E}") = "Wrestling_Game_3D_Beta", "Assembly-CSharp-vs.csproj", "{F7538FF3-A196-A4D1-5F84-CA1D0A9F5156}"
EndProject
Project("{C954D77E-97A2-1BBD-36A1-62A9B83D365E}") = "Wrestling_Game_3D_Beta", "Assembly-CSharp-Editor-vs.csproj", "{4339A5E9-BD07-BA42-D4C3-9304C3C698C9}"
EndProject
Global
	GlobalSection(SolutionConfigurationPlatforms) = preSolution
		Debug|Any CPU = Debug|Any CPU
		Release|Any CPU = Release|Any CPU
	EndGlobalSection
	GlobalSection(ProjectConfigurationPlatforms) = postSolution
		{F54A5BE2-F071-8D44-89E4-AF73507749E0}.Debug|Any CPU.ActiveCfg = Debug|Any CPU
		{F54A5BE2-F071-8D44-89E4-AF73507749E0}.Debug|Any CPU.Build.0 = Debug|Any CPU
		{F54A5BE2-F071-8D44-89E4-AF73507749E0}.Release|Any CPU.ActiveCfg = Release|Any CPU
		{F54A5BE2-F071-8D44-89E4-AF73507749E0}.Release|Any CPU.Build.0 = Release|Any CPU
		{F7538FF3-A196-A4D1-5F84-CA1D0A9F5156}.Debug|Any CPU.ActiveCfg = Debug|Any CPU
		{F7538FF3-A196-A4D1-5F84-CA1D0A9F5156}.Debug|Any CPU.Build.0 = Debug|Any CPU
		{F7538FF3-A196-A4D1-5F84-CA1D0A9F5156}.Release|Any CPU.ActiveCfg = Release|Any CPU
		{F7538FF3-A196-A4D1-5F84-CA1D0A9F5156}.Release|Any CPU.Build.0 = Release|Any CPU
		{4339A5E9-BD07-BA42-D4C3-9304C3C698C9}.Debug|Any CPU.ActiveCfg = Debug|Any CPU
		{4339A5E9-BD07-BA42-D4C3-9304C3C698C9}.Debug|Any CPU.Build.0 = Debug|Any CPU
		{4339A5E9-BD07-BA42-D4C3-9304C3C698C9}.Release|Any CPU.ActiveCfg = Release|Any CPU
		{4339A5E9-BD07-BA42-D4C3-9304C3C698C9}.Release|Any CPU.Build.0 = Release|Any CPU
	EndGlobalSection
	GlobalSection(SolutionProperties) = preSolution
		HideSolutionNode = FALSE
	EndGlobalSection
																					GlobalSection(MonoDevelopProperties) = preSolution
		StartupItem = Assembly-CSharp.csproj
		Policies = $0
		$0.TextStylePolicy = $1
		$1.inheritsSet = null
		$1.scope = text/x-csharp
		$0.CSharpFormattingPolicy = $2
		$2.inheritsSet = Mono
		$2.inheritsScope = text/x-csharp
		$2.scope = text/x-csharp
		$0.TextStylePolicy = $3
		$3.FileWidth = 120
		$3.TabWidth = 4
		$3.EolMarker = Unix
		$3.inheritsSet = Mono
		$3.inheritsScope = text/plain
		$3.scope = text/plain
	EndGlobalSection

EndGlobal
